
Microsoft Visual Studio Solution File, Format Version 12.00
# Visual Studio Version 16
VisualStudioVersion = 16.0.29920.165
MinimumVisualStudioVersion = 10.0.40219.1
Project("{FAE04EC0-301F-11D3-BF4B-00C04F79EFBC}") = "Family_Finances", "Family_Finances\Family_Finances.csproj", "{62A25FD1-EB23-42AC-ACFA-A43A39E2864B}"
EndProject
Global
	GlobalSection(SolutionConfigurationPlatforms) = preSolution
		Debug|Any CPU = Debug|Any CPU
		Release|Any CPU = Release|Any CPU
	EndGlobalSection
	GlobalSection(ProjectConfigurationPlatforms) = postSolution
		{62A25FD1-EB23-42AC-ACFA-A43A39E2864B}.Debug|Any CPU.ActiveCfg = Debug|Any CPU
		{62A25FD1-EB23-42AC-ACFA-A43A39E2864B}.Debug|Any CPU.Build.0 = Debug|Any CPU
		{62A25FD1-EB23-42AC-ACFA-A43A39E2864B}.Release|Any CPU.ActiveCfg = Release|Any CPU
		{62A25FD1-EB23-42AC-ACFA-A43A39E2864B}.Release|Any CPU.Build.0 = Release|Any CPU
	EndGlobalSection
	GlobalSection(SolutionProperties) = preSolution
		HideSolutionNode = FALSE
	EndGlobalSection
	GlobalSection(ExtensibilityGlobals) = postSolution
		SolutionGuid = {790A93B5-705A-4547-9E5C-B8FAF5239223}
	EndGlobalSection
EndGlobal
